# This file is automatically @generated by Cargo.
# It is not intended for manual editing.
version = 4

[[package]]
name = "tagma-kv"
version = "0.0.1"

[[package]]
name = "tagma-lincheck"
version = "0.0.1"

[[package]]
name = "tagma-node"
version = "0.0.1"

[[package]]
name = "tagma-raft"
version = "0.0.1"

[[package]]
name = "tagma-sim"
version = "0.0.1"

[[package]]
name = "tagma-wal"
version = "0.0.1"
